// !$*UTF8*$!
{
	archiveVersion = 1;
	classes = {
	};
	objectVersion = 46;
	objects = {

/* Begin PBXBuildFile section */
		085A99041D93ADB700AF95B6 /* hangzhou.jpeg in Resources */ = {isa = PBXBuildFile; fileRef = 085A99031D93ADB700AF95B6 /* hangzhou.jpeg */; };
		085A99141D93AF9A00AF95B6 /* hz0.jpeg in Resources */ = {isa = PBXBuildFile; fileRef = 085A99061D93AF9A00AF95B6 /* hz0.jpeg */; };
		085A99151D93AF9A00AF95B6 /* hz1.jpeg in Resources */ = {isa = PBXBuildFile; fileRef = 085A99071D93AF9A00AF95B6 /* hz1.jpeg */; };
		085A99161D93AF9A00AF95B6 /* hz10.jpeg in Resources */ = {isa = PBXBuildFile; fileRef = 085A99081D93AF9A00AF95B6 /* hz10.jpeg */; };
		085A99171D93AF9A00AF95B6 /* hz11.jpeg in Resources */ = {isa = PBXBuildFile; fileRef = 085A99091D93AF9A00AF95B6 /* hz11.jpeg */; };
		085A99181D93AF9A00AF95B6 /* hz12.jpeg in Resources */ = {isa = PBXBuildFile; fileRef = 085A990A1D93AF9A00AF95B6 /* hz12.jpeg */; };
		085A99191D93AF9A00AF95B6 /* hz13.jpeg in Resources */ = {isa = PBXBuildFile; fileRef = 085A990B1D93AF9A00AF95B6 /* hz13.jpeg */; };
		085A991A1D93AF9A00AF95B6 /* hz2.jpeg in Resources */ = {isa = PBXBuildFile; fileRef = 085A990C1D93AF9A00AF95B6 /* hz2.jpeg */; };
		085A991B1D93AF9A00AF95B6 /* hz3.jpeg in Resources */ = {isa = PBXBuildFile; fileRef = 085A990D1D93AF9A00AF95B6 /* hz3.jpeg */; };
		085A991C1D93AF9A00AF95B6 /* hz4.jpeg in Resources */ = {isa = PBXBuildFile; fileRef = 085A990E1D93AF9A00AF95B6 /* hz4.jpeg */; };
		085A991D1D93AF9A00AF95B6 /* hz5.jpeg in Resources */ = {isa = PBXBuildFile; fileRef = 085A990F1D93AF9A00AF95B6 /* hz5.jpeg */; };
		085A991E1D93AF9A00AF95B6 /* hz6.jpeg in Resources */ = {isa = PBXBuildFile; fileRef = 085A99101D93AF9A00AF95B6 /* hz6.jpeg */; };
		085A991F1D93AF9A00AF95B6 /* hz7.jpeg in Resources */ = {isa = PBXBuildFile; fileRef = 085A99111D93AF9A00AF95B6 /* hz7.jpeg */; };
		085A99201D93AF9A00AF95B6 /* hz8.jpeg in Resources */ = {isa = PBXBuildFile; fileRef = 085A99121D93AF9A00AF95B6 /* hz8.jpeg */; };
		085A99211D93AF9A00AF95B6 /* hz9.jpeg in Resources */ = {isa = PBXBuildFile; fileRef = 085A99131D93AF9A00AF95B6 /* hz9.jpeg */; };
		086A3CAC1D76B42600624CD6 /* main.m in Sources */ = {isa = PBXBuildFile; fileRef = 086A3CAB1D76B42600624CD6 /* main.m */; };
		086A3CAF1D76B42600624CD6 /* AppDelegate.m in Sources */ = {isa = PBXBuildFile; fileRef = 086A3CAE1D76B42600624CD6 /* AppDelegate.m */; };
		086A3CB71D76B42600624CD6 /* Assets.xcassets in Resources */ = {isa = PBXBuildFile; fileRef = 086A3CB61D76B42600624CD6 /* Assets.xcassets */; };
		086A3CBA1D76B42600624CD6 /* LaunchScreen.storyboard in Resources */ = {isa = PBXBuildFile; fileRef = 086A3CB81D76B42600624CD6 /* LaunchScreen.storyboard */; };
		086A3CC51D76B42600624CD6 /* TggWeatherTests.m in Sources */ = {isa = PBXBuildFile; fileRef = 086A3CC41D76B42600624CD6 /* TggWeatherTests.m */; };
		086A3CD01D76B42600624CD6 /* TggWeatherUITests.m in Sources */ = {isa = PBXBuildFile; fileRef = 086A3CCF1D76B42600624CD6 /* TggWeatherUITests.m */; };
		086A3CFC1D76B85D00624CD6 /* bg.png in Resources */ = {isa = PBXBuildFile; fileRef = 086A3CE11D76B85D00624CD6 /* bg.png */; };
		086A3CFD1D76B85D00624CD6 /* bg@2x.png in Resources */ = {isa = PBXBuildFile; fileRef = 086A3CE21D76B85D00624CD6 /* bg@2x.png */; };
		086A3CFE1D76B85D00624CD6 /* weather-broken.png in Resources */ = {isa = PBXBuildFile; fileRef = 086A3CE41D76B85D00624CD6 /* weather-broken.png */; };
		086A3CFF1D76B85D00624CD6 /* weather-broken@2x.png in Resources */ = {isa = PBXBuildFile; fileRef = 086A3CE51D76B85D00624CD6 /* weather-broken@2x.png */; };
		086A3D001D76B85D00624CD6 /* weather-clear.png in Resources */ = {isa = PBXBuildFile; fileRef = 086A3CE61D76B85D00624CD6 /* weather-clear.png */; };
		086A3D011D76B85D00624CD6 /* weather-clear@2x.png in Resources */ = {isa = PBXBuildFile; fileRef = 086A3CE71D76B85D00624CD6 /* weather-clear@2x.png */; };
		086A3D021D76B85D00624CD6 /* weather-few-night.png in Resources */ = {isa = PBXBuildFile; fileRef = 086A3CE81D76B85D00624CD6 /* weather-few-night.png */; };
		086A3D031D76B85D00624CD6 /* weather-few-night@2x.png in Resources */ = {isa = PBXBuildFile; fileRef = 086A3CE91D76B85D00624CD6 /* weather-few-night@2x.png */; };
		086A3D041D76B85D00624CD6 /* weather-few.png in Resources */ = {isa = PBXBuildFile; fileRef = 086A3CEA1D76B85D00624CD6 /* weather-few.png */; };
		086A3D051D76B85D00624CD6 /* weather-few@2x.png in Resources */ = {isa = PBXBuildFile; fileRef = 086A3CEB1D76B85D00624CD6 /* weather-few@2x.png */; };
		086A3D061D76B85D00624CD6 /* weather-mist.png in Resources */ = {isa = PBXBuildFile; fileRef = 086A3CEC1D76B85D00624CD6 /* weather-mist.png */; };
		086A3D071D76B85D00624CD6 /* weather-mist@2x.png in Resources */ = {isa = PBXBuildFile; fileRef = 086A3CED1D76B85D00624CD6 /* weather-mist@2x.png */; };
		086A3D081D76B85D00624CD6 /* weather-moon.png in Resources */ = {isa = PBXBuildFile; fileRef = 086A3CEE1D76B85D00624CD6 /* weather-moon.png */; };
		086A3D091D76B85D00624CD6 /* weather-moon@2x.png in Resources */ = {isa = PBXBuildFile; fileRef = 086A3CEF1D76B85D00624CD6 /* weather-moon@2x.png */; };
		086A3D0A1D76B85D00624CD6 /* weather-rain-night.png in Resources */ = {isa = PBXBuildFile; fileRef = 086A3CF01D76B85D00624CD6 /* weather-rain-night.png */; };
		086A3D0B1D76B85D00624CD6 /* weather-rain-night@2x.png in Resources */ = {isa = PBXBuildFile; fileRef = 086A3CF11D76B85D00624CD6 /* weather-rain-night@2x.png */; };
		086A3D0C1D76B85D00624CD6 /* weather-rain.png in Resources */ = {isa = PBXBuildFile; fileRef = 086A3CF21D76B85D00624CD6 /* weather-rain.png */; };
		086A3D0D1D76B85D00624CD6 /* weather-rain@2x.png in Resources */ = {isa = PBXBuildFile; fileRef = 086A3CF31D76B85D00624CD6 /* weather-rain@2x.png */; };
		086A3D0E1D76B85D00624CD6 /* weather-scattered.png in Resources */ = {isa = PBXBuildFile; fileRef = 086A3CF41D76B85D00624CD6 /* weather-scattered.png */; };
		086A3D0F1D76B85D00624CD6 /* weather-scattered@2x.png in Resources */ = {isa = PBXBuildFile; fileRef = 086A3CF51D76B85D00624CD6 /* weather-scattered@2x.png */; };
		086A3D101D76B85D00624CD6 /* weather-shower.png in Resources */ = {isa = PBXBuildFile; fileRef = 086A3CF61D76B85D00624CD6 /* weather-shower.png */; };
		086A3D111D76B85D00624CD6 /* weather-shower@2x.png in Resources */ = {isa = PBXBuildFile; fileRef = 086A3CF71D76B85D00624CD6 /* weather-shower@2x.png */; };
		086A3D121D76B85D00624CD6 /* weather-snow.png in Resources */ = {isa = PBXBuildFile; fileRef = 086A3CF81D76B85D00624CD6 /* weather-snow.png */; };
		086A3D131D76B85D00624CD6 /* weather-snow@2x.png in Resources */ = {isa = PBXBuildFile; fileRef = 086A3CF91D76B85D00624CD6 /* weather-snow@2x.png */; };
		086A3D141D76B85D00624CD6 /* weather-tstorm.png in Resources */ = {isa = PBXBuildFile; fileRef = 086A3CFA1D76B85D00624CD6 /* weather-tstorm.png */; };
		086A3D151D76B85D00624CD6 /* weather-tstorm@2x.png in Resources */ = {isa = PBXBuildFile; fileRef = 086A3CFB1D76B85D00624CD6 /* weather-tstorm@2x.png */; };
		08D9D59D1D93DE7000EA83B7 /* WXThemeManager.m in Sources */ = {isa = PBXBuildFile; fileRef = 08D9D59C1D93DE7000EA83B7 /* WXThemeManager.m */; };
		08D9D5A01D94BA2900EA83B7 /* WXThemeModel.m in Sources */ = {isa = PBXBuildFile; fileRef = 08D9D59F1D94BA2900EA83B7 /* WXThemeModel.m */; };
		08D9D5A31D94BDC300EA83B7 /* WXController.m in Sources */ = {isa = PBXBuildFile; fileRef = 08D9D5A21D94BDC300EA83B7 /* WXController.m */; };
		08D9D5A81D94BDD100EA83B7 /* WXCondition.m in Sources */ = {isa = PBXBuildFile; fileRef = 08D9D5A51D94BDD100EA83B7 /* WXCondition.m */; };
		08D9D5A91D94BDD100EA83B7 /* WXDailyForecast.m in Sources */ = {isa = PBXBuildFile; fileRef = 08D9D5A71D94BDD100EA83B7 /* WXDailyForecast.m */; };
		08D9D5AB1D94BDF600EA83B7 /* icon.png in Resources */ = {isa = PBXBuildFile; fileRef = 08D9D5AA1D94BDF600EA83B7 /* icon.png */; };
		08F59BB81D7C672A006DFF94 /* WXViewModel.m in Sources */ = {isa = PBXBuildFile; fileRef = 08F59BB71D7C672A006DFF94 /* WXViewModel.m */; };
		08FC54741D83D84E009D4762 /* WXViewModelServicesImpl.m in Sources */ = {isa = PBXBuildFile; fileRef = 08FC54731D83D84E009D4762 /* WXViewModelServicesImpl.m */; };
		08FC54801D83DCAA009D4762 /* WXWeahtherImpl.m in Sources */ = {isa = PBXBuildFile; fileRef = 08FC547F1D83DCAA009D4762 /* WXWeahtherImpl.m */; };
		08FC54901D83FBBD009D4762 /* WXLocationImpl.m in Sources */ = {isa = PBXBuildFile; fileRef = 08FC548F1D83FBBD009D4762 /* WXLocationImpl.m */; };
		20A8D837BEE23CA11C2C687B /* libPods-TggWeather.a in Frameworks */ = {isa = PBXBuildFile; fileRef = 9A29CC5FDA9530325A1F4425 /* libPods-TggWeather.a */; };
/* End PBXBuildFile section */

/* Begin PBXContainerItemProxy section */
		086A3CC11D76B42600624CD6 /* PBXContainerItemProxy */ = {
			isa = PBXContainerItemProxy;
			containerPortal = 086A3C9F1D76B42500624CD6 /* Project object */;
			proxyType = 1;
			remoteGlobalIDString = 086A3CA61D76B42500624CD6;
			remoteInfo = TggWeather;
		};
		086A3CCC1D76B42600624CD6 /* PBXContainerItemProxy */ = {
			isa = PBXContainerItemProxy;
			containerPortal = 086A3C9F1D76B42500624CD6 /* Project object */;
			proxyType = 1;
			remoteGlobalIDString = 086A3CA61D76B42500624CD6;
			remoteInfo = TggWeather;
		};
/* End PBXContainerItemProxy section */

/* Begin PBXFileReference section */
		085A99031D93ADB700AF95B6 /* hangzhou.jpeg */ = {isa = PBXFileReference; lastKnownFileType = image.jpeg; path = hangzhou.jpeg; sourceTree = "<group>"; };
		085A99061D93AF9A00AF95B6 /* hz0.jpeg */ = {isa = PBXFileReference; lastKnownFileType = image.jpeg; path = hz0.jpeg; sourceTree = "<group>"; };
		085A99071D93AF9A00AF95B6 /* hz1.jpeg */ = {isa = PBXFileReference; lastKnownFileType = image.jpeg; path = hz1.jpeg; sourceTree = "<group>"; };
		085A99081D93AF9A00AF95B6 /* hz10.jpeg */ = {isa = PBXFileReference; lastKnownFileType = image.jpeg; path = hz10.jpeg; sourceTree = "<group>"; };
		085A99091D93AF9A00AF95B6 /* hz11.jpeg */ = {isa = PBXFileReference; lastKnownFileType = image.jpeg; path = hz11.jpeg; sourceTree = "<group>"; };
		085A990A1D93AF9A00AF95B6 /* hz12.jpeg */ = {isa = PBXFileReference; lastKnownFileType = image.jpeg; path = hz12.jpeg; sourceTree = "<group>"; };
		085A990B1D93AF9A00AF95B6 /* hz13.jpeg */ = {isa = PBXFileReference; lastKnownFileType = image.jpeg; path = hz13.jpeg; sourceTree = "<group>"; };
		085A990C1D93AF9A00AF95B6 /* hz2.jpeg */ = {isa = PBXFileReference; lastKnownFileType = image.jpeg; path = hz2.jpeg; sourceTree = "<group>"; };
		085A990D1D93AF9A00AF95B6 /* hz3.jpeg */ = {isa = PBXFileReference; lastKnownFileType = image.jpeg; path = hz3.jpeg; sourceTree = "<group>"; };
		085A990E1D93AF9A00AF95B6 /* hz4.jpeg */ = {isa = PBXFileReference; lastKnownFileType = image.jpeg; path = hz4.jpeg; sourceTree = "<group>"; };
		085A990F1D93AF9A00AF95B6 /* hz5.jpeg */ = {isa = PBXFileReference; lastKnownFileType = image.jpeg; path = hz5.jpeg; sourceTree = "<group>"; };
		085A99101D93AF9A00AF95B6 /* hz6.jpeg */ = {isa = PBXFileReference; lastKnownFileType = image.jpeg; path = hz6.jpeg; sourceTree = "<group>"; };
		085A99111D93AF9A00AF95B6 /* hz7.jpeg */ = {isa = PBXFileReference; lastKnownFileType = image.jpeg; path = hz7.jpeg; sourceTree = "<group>"; };
		085A99121D93AF9A00AF95B6 /* hz8.jpeg */ = {isa = PBXFileReference; lastKnownFileType = image.jpeg; path = hz8.jpeg; sourceTree = "<group>"; };
		085A99131D93AF9A00AF95B6 /* hz9.jpeg */ = {isa = PBXFileReference; lastKnownFileType = image.jpeg; path = hz9.jpeg; sourceTree = "<group>"; };
		086A3CA71D76B42500624CD6 /* TggWeather.app */ = {isa = PBXFileReference; explicitFileType = wrapper.application; includeInIndex = 0; path = TggWeather.app; sourceTree = BUILT_PRODUCTS_DIR; };
		086A3CAB1D76B42600624CD6 /* main.m */ = {isa = PBXFileReference; lastKnownFileType = sourcecode.c.objc; path = main.m; sourceTree = "<group>"; };
		086A3CAD1D76B42600624CD6 /* AppDelegate.h */ = {isa = PBXFileReference; lastKnownFileType = sourcecode.c.h; path = AppDelegate.h; sourceTree = "<group>"; };
		086A3CAE1D76B42600624CD6 /* AppDelegate.m */ = {isa = PBXFileReference; lastKnownFileType = sourcecode.c.objc; path = AppDelegate.m; sourceTree = "<group>"; };
		086A3CB61D76B42600624CD6 /* Assets.xcassets */ = {isa = PBXFileReference; lastKnownFileType = folder.assetcatalog; path = Assets.xcassets; sourceTree = "<group>"; };
		086A3CB91D76B42600624CD6 /* Base */ = {isa = PBXFileReference; lastKnownFileType = file.storyboard; name = Base; path = Base.lproj/LaunchScreen.storyboard; sourceTree = "<group>"; };
		086A3CBB1D76B42600624CD6 /* Info.plist */ = {isa = PBXFileReference; lastKnownFileType = text.plist.xml; path = Info.plist; sourceTree = "<group>"; };
		086A3CC01D76B42600624CD6 /* TggWeatherTests.xctest */ = {isa = PBXFileReference; explicitFileType = wrapper.cfbundle; includeInIndex = 0; path = TggWeatherTests.xctest; sourceTree = BUILT_PRODUCTS_DIR; };
		086A3CC41D76B42600624CD6 /* TggWeatherTests.m */ = {isa = PBXFileReference; lastKnownFileType = sourcecode.c.objc; path = TggWeatherTests.m; sourceTree = "<group>"; };
		086A3CC61D76B42600624CD6 /* Info.plist */ = {isa = PBXFileReference; lastKnownFileType = text.plist.xml; path = Info.plist; sourceTree = "<group>"; };
		086A3CCB1D76B42600624CD6 /* TggWeatherUITests.xctest */ = {isa = PBXFileReference; explicitFileType = wrapper.cfbundle; includeInIndex = 0; path = TggWeatherUITests.xctest; sourceTree = BUILT_PRODUCTS_DIR; };
		086A3CCF1D76B42600624CD6 /* TggWeatherUITests.m */ = {isa = PBXFileReference; lastKnownFileType = sourcecode.c.objc; path = TggWeatherUITests.m; sourceTree = "<group>"; };
		086A3CD11D76B42600624CD6 /* Info.plist */ = {isa = PBXFileReference; lastKnownFileType = text.plist.xml; path = Info.plist; sourceTree = "<group>"; };
		086A3CE11D76B85D00624CD6 /* bg.png */ = {isa = PBXFileReference; lastKnownFileType = image.png; path = bg.png; sourceTree = "<group>"; };
		086A3CE21D76B85D00624CD6 /* bg@2x.png */ = {isa = PBXFileReference; lastKnownFileType = image.png; path = "bg@2x.png"; sourceTree = "<group>"; };
		086A3CE41D76B85D00624CD6 /* weather-broken.png */ = {isa = PBXFileReference; lastKnownFileType = image.png; path = "weather-broken.png"; sourceTree = "<group>"; };
		086A3CE51D76B85D00624CD6 /* weather-broken@2x.png */ = {isa = PBXFileReference; lastKnownFileType = image.png; path = "weather-broken@2x.png"; sourceTree = "<group>"; };
		086A3CE61D76B85D00624CD6 /* weather-clear.png */ = {isa = PBXFileReference; lastKnownFileType = image.png; path = "weather-clear.png"; sourceTree = "<group>"; };
		086A3CE71D76B85D00624CD6 /* weather-clear@2x.png */ = {isa = PBXFileReference; lastKnownFileType = image.png; path = "weather-clear@2x.png"; sourceTree = "<group>"; };
		086A3CE81D76B85D00624CD6 /* weather-few-night.png */ = {isa = PBXFileReference; lastKnownFileType = image.png; path = "weather-few-night.png"; sourceTree = "<group>"; };
		086A3CE91D76B85D00624CD6 /* weather-few-night@2x.png */ = {isa = PBXFileReference; lastKnownFileType = image.png; path = "weather-few-night@2x.png"; sourceTree = "<group>"; };
		086A3CEA1D76B85D00624CD6 /* weather-few.png */ = {isa = PBXFileReference; lastKnownFileType = image.png; path = "weather-few.png"; sourceTree = "<group>"; };
		086A3CEB1D76B85D00624CD6 /* weather-few@2x.png */ = {isa = PBXFileReference; lastKnownFileType = image.png; path = "weather-few@2x.png"; sourceTree = "<group>"; };
		086A3CEC1D76B85D00624CD6 /* weather-mist.png */ = {isa = PBXFileReference; lastKnownFileType = image.png; path = "weather-mist.png"; sourceTree = "<group>"; };
		086A3CED1D76B85D00624CD6 /* weather-mist@2x.png */ = {isa = PBXFileReference; lastKnownFileType = image.png; path = "weather-mist@2x.png"; sourceTree = "<group>"; };
		086A3CEE1D76B85D00624CD6 /* weather-moon.png */ = {isa = PBXFileReference; lastKnownFileType = image.png; path = "weather-moon.png"; sourceTree = "<group>"; };
		086A3CEF1D76B85D00624CD6 /* weather-moon@2x.png */ = {isa = PBXFileReference; lastKnownFileType = image.png; path = "weather-moon@2x.png"; sourceTree = "<group>"; };
		086A3CF01D76B85D00624CD6 /* weather-rain-night.png */ = {isa = PBXFileReference; lastKnownFileType = image.png; path = "weather-rain-night.png"; sourceTree = "<group>"; };
		086A3CF11D76B85D00624CD6 /* weather-rain-night@2x.png */ = {isa = PBXFileReference; lastKnownFileType = image.png; path = "weather-rain-night@2x.png"; sourceTree = "<group>"; };
		086A3CF21D76B85D00624CD6 /* weather-rain.png */ = {isa = PBXFileReference; lastKnownFileType = image.png; path = "weather-rain.png"; sourceTree = "<group>"; };
		086A3CF31D76B85D00624CD6 /* weather-rain@2x.png */ = {isa = PBXFileReference; lastKnownFileType = image.png; path = "weather-rain@2x.png"; sourceTree = "<group>"; };
		086A3CF41D76B85D00624CD6 /* weather-scattered.png */ = {isa = PBXFileReference; lastKnownFileType = image.png; path = "weather-scattered.png"; sourceTree = "<group>"; };
		086A3CF51D76B85D00624CD6 /* weather-scattered@2x.png */ = {isa = PBXFileReference; lastKnownFileType = image.png; path = "weather-scattered@2x.png"; sourceTree = "<group>"; };
		086A3CF61D76B85D00624CD6 /* weather-shower.png */ = {isa = PBXFileReference; lastKnownFileType = image.png; path = "weather-shower.png"; sourceTree = "<group>"; };
		086A3CF71D76B85D00624CD6 /* weather-shower@2x.png */ = {isa = PBXFileReference; lastKnownFileType = image.png; path = "weather-shower@2x.png"; sourceTree = "<group>"; };
		086A3CF81D76B85D00624CD6 /* weather-snow.png */ = {isa = PBXFileReference; lastKnownFileType = image.png; path = "weather-snow.png"; sourceTree = "<group>"; };
		086A3CF91D76B85D00624CD6 /* weather-snow@2x.png */ = {isa = PBXFileReference; lastKnownFileType = image.png; path = "weather-snow@2x.png"; sourceTree = "<group>"; };
		086A3CFA1D76B85D00624CD6 /* weather-tstorm.png */ = {isa = PBXFileReference; lastKnownFileType = image.png; path = "weather-tstorm.png"; sourceTree = "<group>"; };
		086A3CFB1D76B85D00624CD6 /* weather-tstorm@2x.png */ = {isa = PBXFileReference; lastKnownFileType = image.png; path = "weather-tstorm@2x.png"; sourceTree = "<group>"; };
		08D9D59B1D93DE7000EA83B7 /* WXThemeManager.h */ = {isa = PBXFileReference; fileEncoding = 4; lastKnownFileType = sourcecode.c.h; path = WXThemeManager.h; sourceTree = "<group>"; };
		08D9D59C1D93DE7000EA83B7 /* WXThemeManager.m */ = {isa = PBXFileReference; fileEncoding = 4; lastKnownFileType = sourcecode.c.objc; path = WXThemeManager.m; sourceTree = "<group>"; };
		08D9D59E1D94BA2900EA83B7 /* WXThemeModel.h */ = {isa = PBXFileReference; fileEncoding = 4; lastKnownFileType = sourcecode.c.h; path = WXThemeModel.h; sourceTree = "<group>"; };
		08D9D59F1D94BA2900EA83B7 /* WXThemeModel.m */ = {isa = PBXFileReference; fileEncoding = 4; lastKnownFileType = sourcecode.c.objc; path = WXThemeModel.m; sourceTree = "<group>"; };
		08D9D5A11D94BDC300EA83B7 /* WXController.h */ = {isa = PBXFileReference; fileEncoding = 4; lastKnownFileType = sourcecode.c.h; path = WXController.h; sourceTree = "<group>"; };
		08D9D5A21D94BDC300EA83B7 /* WXController.m */ = {isa = PBXFileReference; fileEncoding = 4; lastKnownFileType = sourcecode.c.objc; path = WXController.m; sourceTree = "<group>"; };
		08D9D5A41D94BDD100EA83B7 /* WXCondition.h */ = {isa = PBXFileReference; fileEncoding = 4; lastKnownFileType = sourcecode.c.h; path = WXCondition.h; sourceTree = "<group>"; };
		08D9D5A51D94BDD100EA83B7 /* WXCondition.m */ = {isa = PBXFileReference; fileEncoding = 4; lastKnownFileType = sourcecode.c.objc; path = WXCondition.m; sourceTree = "<group>"; };
		08D9D5A61D94BDD100EA83B7 /* WXDailyForecast.h */ = {isa = PBXFileReference; fileEncoding = 4; lastKnownFileType = sourcecode.c.h; path = WXDailyForecast.h; sourceTree = "<group>"; };
		08D9D5A71D94BDD100EA83B7 /* WXDailyForecast.m */ = {isa = PBXFileReference; fileEncoding = 4; lastKnownFileType = sourcecode.c.objc; path = WXDailyForecast.m; sourceTree = "<group>"; };
		08D9D5AA1D94BDF600EA83B7 /* icon.png */ = {isa = PBXFileReference; lastKnownFileType = image.png; path = icon.png; sourceTree = "<group>"; };
		08D9D5B11D94BE9A00EA83B7 /* WXConfig.h */ = {isa = PBXFileReference; lastKnownFileType = sourcecode.c.h; path = WXConfig.h; sourceTree = "<group>"; };
		08D9D5B21D94C34700EA83B7 /* PrefixHeader.pch */ = {isa = PBXFileReference; lastKnownFileType = sourcecode.c.h; path = PrefixHeader.pch; sourceTree = "<group>"; };
		08F59BB61D7C672A006DFF94 /* WXViewModel.h */ = {isa = PBXFileReference; fileEncoding = 4; lastKnownFileType = sourcecode.c.h; path = WXViewModel.h; sourceTree = "<group>"; };
		08F59BB71D7C672A006DFF94 /* WXViewModel.m */ = {isa = PBXFileReference; fileEncoding = 4; lastKnownFileType = sourcecode.c.objc; path = WXViewModel.m; sourceTree = "<group>"; };
		08FC54721D83D84E009D4762 /* WXViewModelServicesImpl.h */ = {isa = PBXFileReference; fileEncoding = 4; lastKnownFileType = sourcecode.c.h; path = WXViewModelServicesImpl.h; sourceTree = "<group>"; };
		08FC54731D83D84E009D4762 /* WXViewModelServicesImpl.m */ = {isa = PBXFileReference; fileEncoding = 4; lastKnownFileType = sourcecode.c.objc; path = WXViewModelServicesImpl.m; sourceTree = "<group>"; };
		08FC54751D83D93C009D4762 /* WXViewModelServices.h */ = {isa = PBXFileReference; fileEncoding = 4; lastKnownFileType = sourcecode.c.h; path = WXViewModelServices.h; sourceTree = "<group>"; };
		08FC547E1D83DCAA009D4762 /* WXWeahtherImpl.h */ = {isa = PBXFileReference; fileEncoding = 4; lastKnownFileType = sourcecode.c.h; path = WXWeahtherImpl.h; sourceTree = "<group>"; };
		08FC547F1D83DCAA009D4762 /* WXWeahtherImpl.m */ = {isa = PBXFileReference; fileEncoding = 4; lastKnownFileType = sourcecode.c.objc; path = WXWeahtherImpl.m; sourceTree = "<group>"; };
		08FC54811D83DCD9009D4762 /* WXWeather.h */ = {isa = PBXFileReference; fileEncoding = 4; lastKnownFileType = sourcecode.c.h; path = WXWeather.h; sourceTree = "<group>"; };
		08FC548E1D83FBBD009D4762 /* WXLocationImpl.h */ = {isa = PBXFileReference; fileEncoding = 4; lastKnownFileType = sourcecode.c.h; path = WXLocationImpl.h; sourceTree = "<group>"; };
		08FC548F1D83FBBD009D4762 /* WXLocationImpl.m */ = {isa = PBXFileReference; fileEncoding = 4; lastKnownFileType = sourcecode.c.objc; path = WXLocationImpl.m; sourceTree = "<group>"; };
		33CFE78130D370149E538FC3 /* Pods-TggWeather.debug.xcconfig */ = {isa = PBXFileReference; includeInIndex = 1; lastKnownFileType = text.xcconfig; name = "Pods-TggWeather.debug.xcconfig"; path = "Pods/Target Support Files/Pods-TggWeather/Pods-TggWeather.debug.xcconfig"; sourceTree = "<group>"; };
		9A29CC5FDA9530325A1F4425 /* libPods-TggWeather.a */ = {isa = PBXFileReference; explicitFileType = archive.ar; includeInIndex = 0; path = "libPods-TggWeather.a"; sourceTree = BUILT_PRODUCTS_DIR; };
		A2E50A90037F37C036D82FAE /* Pods-TggWeather.release.xcconfig */ = {isa = PBXFileReference; includeInIndex = 1; lastKnownFileType = text.xcconfig; name = "Pods-TggWeather.release.xcconfig"; path = "Pods/Target Support Files/Pods-TggWeather/Pods-TggWeather.release.xcconfig"; sourceTree = "<group>"; };
/* End PBXFileReference section */

/* Begin PBXFrameworksBuildPhase section */
		086A3CA41D76B42500624CD6 /* Frameworks */ = {
			isa = PBXFrameworksBuildPhase;
			buildActionMask = 2147483647;
			files = (
				20A8D837BEE23CA11C2C687B /* libPods-TggWeather.a in Frameworks */,
			);
			runOnlyForDeploymentPostprocessing = 0;
		};
		086A3CBD1D76B42600624CD6 /* Frameworks */ = {
			isa = PBXFrameworksBuildPhase;
			buildActionMask = 2147483647;
			files = (
			);
			runOnlyForDeploymentPostprocessing = 0;
		};
		086A3CC81D76B42600624CD6 /* Frameworks */ = {
			isa = PBXFrameworksBuildPhase;
			buildActionMask = 2147483647;
			files = (
			);
			runOnlyForDeploymentPostprocessing = 0;
		};
/* End PBXFrameworksBuildPhase section */

/* Begin PBXGroup section */
		085A99051D93AF9A00AF95B6 /* hzBg */ = {
			isa = PBXGroup;
			children = (
				085A99061D93AF9A00AF95B6 /* hz0.jpeg */,
				085A99071D93AF9A00AF95B6 /* hz1.jpeg */,
				085A99081D93AF9A00AF95B6 /* hz10.jpeg */,
				085A99091D93AF9A00AF95B6 /* hz11.jpeg */,
				085A990A1D93AF9A00AF95B6 /* hz12.jpeg */,
				085A990B1D93AF9A00AF95B6 /* hz13.jpeg */,
				085A990C1D93AF9A00AF95B6 /* hz2.jpeg */,
				085A990D1D93AF9A00AF95B6 /* hz3.jpeg */,
				085A990E1D93AF9A00AF95B6 /* hz4.jpeg */,
				085A990F1D93AF9A00AF95B6 /* hz5.jpeg */,
				085A99101D93AF9A00AF95B6 /* hz6.jpeg */,
				085A99111D93AF9A00AF95B6 /* hz7.jpeg */,
				085A99121D93AF9A00AF95B6 /* hz8.jpeg */,
				085A99131D93AF9A00AF95B6 /* hz9.jpeg */,
			);
			path = hzBg;
			sourceTree = "<group>";
		};
		086A3C9E1D76B42500624CD6 = {
			isa = PBXGroup;
			children = (
				086A3CA91D76B42600624CD6 /* TggWeather */,
				086A3CC31D76B42600624CD6 /* TggWeatherTests */,
				086A3CCE1D76B42600624CD6 /* TggWeatherUITests */,
				086A3CA81D76B42500624CD6 /* Products */,
				378070D7E811CF29889E3859 /* Pods */,
				49DC1742F24C2531E1C18148 /* Frameworks */,
			);
			sourceTree = "<group>";
		};
		086A3CA81D76B42500624CD6 /* Products */ = {
			isa = PBXGroup;
			children = (
				086A3CA71D76B42500624CD6 /* TggWeather.app */,
				086A3CC01D76B42600624CD6 /* TggWeatherTests.xctest */,
				086A3CCB1D76B42600624CD6 /* TggWeatherUITests.xctest */,
			);
			name = Products;
			sourceTree = "<group>";
		};
		086A3CA91D76B42600624CD6 /* TggWeather */ = {
			isa = PBXGroup;
			children = (
				08F59BB11D7C65D0006DFF94 /* Resource */,
				08F59BAA1D7C64EA006DFF94 /* Util */,
				08D9D5AC1D94BE2200EA83B7 /* Config */,
				08F59BA91D7C64EA006DFF94 /* Model */,
				08F59BAB1D7C64EA006DFF94 /* View */,
				08F59BAC1D7C64EA006DFF94 /* ViewModel */,
				086A3CAD1D76B42600624CD6 /* AppDelegate.h */,
				086A3CAE1D76B42600624CD6 /* AppDelegate.m */,
				086A3CB61D76B42600624CD6 /* Assets.xcassets */,
				086A3CB81D76B42600624CD6 /* LaunchScreen.storyboard */,
				086A3CAA1D76B42600624CD6 /* Supporting Files */,
			);
			path = TggWeather;
			sourceTree = "<group>";
		};
		086A3CAA1D76B42600624CD6 /* Supporting Files */ = {
			isa = PBXGroup;
			children = (
				086A3CAB1D76B42600624CD6 /* main.m */,
				086A3CBB1D76B42600624CD6 /* Info.plist */,
			);
			name = "Supporting Files";
			sourceTree = "<group>";
		};
		086A3CC31D76B42600624CD6 /* TggWeatherTests */ = {
			isa = PBXGroup;
			children = (
				086A3CC41D76B42600624CD6 /* TggWeatherTests.m */,
				086A3CC61D76B42600624CD6 /* Info.plist */,
			);
			path = TggWeatherTests;
			sourceTree = "<group>";
		};
		086A3CCE1D76B42600624CD6 /* TggWeatherUITests */ = {
			isa = PBXGroup;
			children = (
				086A3CCF1D76B42600624CD6 /* TggWeatherUITests.m */,
				086A3CD11D76B42600624CD6 /* Info.plist */,
			);
			path = TggWeatherUITests;
			sourceTree = "<group>";
		};
		086A3CE01D76B85D00624CD6 /* Images */ = {
			isa = PBXGroup;
			children = (
				08D9D5AA1D94BDF600EA83B7 /* icon.png */,
				085A99051D93AF9A00AF95B6 /* hzBg */,
				085A99031D93ADB700AF95B6 /* hangzhou.jpeg */,
				086A3CE11D76B85D00624CD6 /* bg.png */,
				086A3CE21D76B85D00624CD6 /* bg@2x.png */,
				086A3CE31D76B85D00624CD6 /* Weather Icons */,
			);
			name = Images;
			path = ../Images;
			sourceTree = "<group>";
		};
		086A3CE31D76B85D00624CD6 /* Weather Icons */ = {
			isa = PBXGroup;
			children = (
				086A3CE41D76B85D00624CD6 /* weather-broken.png */,
				086A3CE51D76B85D00624CD6 /* weather-broken@2x.png */,
				086A3CE61D76B85D00624CD6 /* weather-clear.png */,
				086A3CE71D76B85D00624CD6 /* weather-clear@2x.png */,
				086A3CE81D76B85D00624CD6 /* weather-few-night.png */,
				086A3CE91D76B85D00624CD6 /* weather-few-night@2x.png */,
				086A3CEA1D76B85D00624CD6 /* weather-few.png */,
				086A3CEB1D76B85D00624CD6 /* weather-few@2x.png */,
				086A3CEC1D76B85D00624CD6 /* weather-mist.png */,
				086A3CED1D76B85D00624CD6 /* weather-mist@2x.png */,
				086A3CEE1D76B85D00624CD6 /* weather-moon.png */,
				086A3CEF1D76B85D00624CD6 /* weather-moon@2x.png */,
				086A3CF01D76B85D00624CD6 /* weather-rain-night.png */,
				086A3CF11D76B85D00624CD6 /* weather-rain-night@2x.png */,
				086A3CF21D76B85D00624CD6 /* weather-rain.png */,
				086A3CF31D76B85D00624CD6 /* weather-rain@2x.png */,
				086A3CF41D76B85D00624CD6 /* weather-scattered.png */,
				086A3CF51D76B85D00624CD6 /* weather-scattered@2x.png */,
				086A3CF61D76B85D00624CD6 /* weather-shower.png */,
				086A3CF71D76B85D00624CD6 /* weather-shower@2x.png */,
				086A3CF81D76B85D00624CD6 /* weather-snow.png */,
				086A3CF91D76B85D00624CD6 /* weather-snow@2x.png */,
				086A3CFA1D76B85D00624CD6 /* weather-tstorm.png */,
				086A3CFB1D76B85D00624CD6 /* weather-tstorm@2x.png */,
			);
			path = "Weather Icons";
			sourceTree = "<group>";
		};
		08D9D5AC1D94BE2200EA83B7 /* Config */ = {
			isa = PBXGroup;
			children = (
				08D9D5B21D94C34700EA83B7 /* PrefixHeader.pch */,
				08D9D5B11D94BE9A00EA83B7 /* WXConfig.h */,
			);
			path = Config;
			sourceTree = "<group>";
		};
		08F59BA91D7C64EA006DFF94 /* Model */ = {
			isa = PBXGroup;
			children = (
				08FC54811D83DCD9009D4762 /* WXWeather.h */,
				08FC547E1D83DCAA009D4762 /* WXWeahtherImpl.h */,
				08FC547F1D83DCAA009D4762 /* WXWeahtherImpl.m */,
				08FC548E1D83FBBD009D4762 /* WXLocationImpl.h */,
				08FC548F1D83FBBD009D4762 /* WXLocationImpl.m */,
				08D9D5A41D94BDD100EA83B7 /* WXCondition.h */,
				08D9D5A51D94BDD100EA83B7 /* WXCondition.m */,
				08D9D5A61D94BDD100EA83B7 /* WXDailyForecast.h */,
				08D9D5A71D94BDD100EA83B7 /* WXDailyForecast.m */,
				08D9D59B1D93DE7000EA83B7 /* WXThemeManager.h */,
				08D9D59C1D93DE7000EA83B7 /* WXThemeManager.m */,
				08D9D59E1D94BA2900EA83B7 /* WXThemeModel.h */,
				08D9D59F1D94BA2900EA83B7 /* WXThemeModel.m */,
			);
			path = Model;
			sourceTree = "<group>";
		};
		08F59BAA1D7C64EA006DFF94 /* Util */ = {
			isa = PBXGroup;
			children = (
			);
			path = Util;
			sourceTree = "<group>";
		};
		08F59BAB1D7C64EA006DFF94 /* View */ = {
			isa = PBXGroup;
			children = (
				08D9D5A11D94BDC300EA83B7 /* WXController.h */,
				08D9D5A21D94BDC300EA83B7 /* WXController.m */,
			);
			path = View;
			sourceTree = "<group>";
		};
		08F59BAC1D7C64EA006DFF94 /* ViewModel */ = {
			isa = PBXGroup;
			children = (
				08F59BB61D7C672A006DFF94 /* WXViewModel.h */,
				08F59BB71D7C672A006DFF94 /* WXViewModel.m */,
				08FC54751D83D93C009D4762 /* WXViewModelServices.h */,
				08FC54721D83D84E009D4762 /* WXViewModelServicesImpl.h */,
				08FC54731D83D84E009D4762 /* WXViewModelServicesImpl.m */,
			);
			path = ViewModel;
			sourceTree = "<group>";
		};
		08F59BB11D7C65D0006DFF94 /* Resource */ = {
			isa = PBXGroup;
			children = (
				086A3CE01D76B85D00624CD6 /* Images */,
			);
			path = Resource;
			sourceTree = "<group>";
		};
		378070D7E811CF29889E3859 /* Pods */ = {
			isa = PBXGroup;
			children = (
				33CFE78130D370149E538FC3 /* Pods-TggWeather.debug.xcconfig */,
				A2E50A90037F37C036D82FAE /* Pods-TggWeather.release.xcconfig */,
			);
			name = Pods;
			sourceTree = "<group>";
		};
		49DC1742F24C2531E1C18148 /* Frameworks */ = {
			isa = PBXGroup;
			children = (
				9A29CC5FDA9530325A1F4425 /* libPods-TggWeather.a */,
			);
			name = Frameworks;
			sourceTree = "<group>";
		};
/* End PBXGroup section */

/* Begin PBXNativeTarget section */
		086A3CA61D76B42500624CD6 /* TggWeather */ = {
			isa = PBXNativeTarget;
			buildConfigurationList = 086A3CD41D76B42600624CD6 /* Build configuration list for PBXNativeTarget "TggWeather" */;
			buildPhases = (
				C2786D8E3F071263436FED4A /* [CP] Check Pods Manifest.lock */,
				086A3CA31D76B42500624CD6 /* Sources */,
				086A3CA41D76B42500624CD6 /* Frameworks */,
				086A3CA51D76B42500624CD6 /* Resources */,
				9A94A451B456D0BE52013040 /* [CP] Embed Pods Frameworks */,
				9ADC2C2CC33DD1CC31611E86 /* [CP] Copy Pods Resources */,
			);
			buildRules = (
			);
			dependencies = (
			);
			name = TggWeather;
			productName = TggWeather;
			productReference = 086A3CA71D76B42500624CD6 /* TggWeather.app */;
			productType = "com.apple.product-type.application";
		};
		086A3CBF1D76B42600624CD6 /* TggWeatherTests */ = {
			isa = PBXNativeTarget;
			buildConfigurationList = 086A3CD71D76B42600624CD6 /* Build configuration list for PBXNativeTarget "TggWeatherTests" */;
			buildPhases = (
				086A3CBC1D76B42600624CD6 /* Sources */,
				086A3CBD1D76B42600624CD6 /* Frameworks */,
				086A3CBE1D76B42600624CD6 /* Resources */,
			);
			buildRules = (
			);
			dependencies = (
				086A3CC21D76B42600624CD6 /* PBXTargetDependency */,
			);
			name = TggWeatherTests;
			productName = TggWeatherTests;
			productReference = 086A3CC01D76B42600624CD6 /* TggWeatherTests.xctest */;
			productType = "com.apple.product-type.bundle.unit-test";
		};
		086A3CCA1D76B42600624CD6 /* TggWeatherUITests */ = {
			isa = PBXNativeTarget;
			buildConfigurationList = 086A3CDA1D76B42600624CD6 /* Build configuration list for PBXNativeTarget "TggWeatherUITests" */;
			buildPhases = (
				086A3CC71D76B42600624CD6 /* Sources */,
				086A3CC81D76B42600624CD6 /* Frameworks */,
				086A3CC91D76B42600624CD6 /* Resources */,
			);
			buildRules = (
			);
			dependencies = (
				086A3CCD1D76B42600624CD6 /* PBXTargetDependency */,
			);
			name = TggWeatherUITests;
			productName = TggWeatherUITests;
			productReference = 086A3CCB1D76B42600624CD6 /* TggWeatherUITests.xctest */;
			productType = "com.apple.product-type.bundle.ui-testing";
		};
/* End PBXNativeTarget section */

/* Begin PBXProject section */
		086A3C9F1D76B42500624CD6 /* Project object */ = {
			isa = PBXProject;
			attributes = {
				LastUpgradeCheck = 0730;
				ORGANIZATIONNAME = "铁哥哥";
				TargetAttributes = {
					086A3CA61D76B42500624CD6 = {
						CreatedOnToolsVersion = 7.3.1;
						DevelopmentTeam = F7JN2J2BY4;
					};
					086A3CBF1D76B42600624CD6 = {
						CreatedOnToolsVersion = 7.3.1;
						TestTargetID = 086A3CA61D76B42500624CD6;
					};
					086A3CCA1D76B42600624CD6 = {
						CreatedOnToolsVersion = 7.3.1;
						TestTargetID = 086A3CA61D76B42500624CD6;
					};
				};
			};
			buildConfigurationList = 086A3CA21D76B42500624CD6 /* Build configuration list for PBXProject "TggWeather" */;
			compatibilityVersion = "Xcode 3.2";
			developmentRegion = English;
			hasScannedForEncodings = 0;
			knownRegions = (
				en,
				Base,
			);
			mainGroup = 086A3C9E1D76B42500624CD6;
			productRefGroup = 086A3CA81D76B42500624CD6 /* Products */;
			projectDirPath = "";
			projectRoot = "";
			targets = (
				086A3CA61D76B42500624CD6 /* TggWeather */,
				086A3CBF1D76B42600624CD6 /* TggWeatherTests */,
				086A3CCA1D76B42600624CD6 /* TggWeatherUITests */,
			);
		};
/* End PBXProject section */

/* Begin PBXResourcesBuildPhase section */
		086A3CA51D76B42500624CD6 /* Resources */ = {
			isa = PBXResourcesBuildPhase;
			buildActionMask = 2147483647;
			files = (
				086A3D001D76B85D00624CD6 /* weather-clear.png in Resources */,
				085A991D1D93AF9A00AF95B6 /* hz5.jpeg in Resources */,
				086A3D041D76B85D00624CD6 /* weather-few.png in Resources */,
				086A3D0C1D76B85D00624CD6 /* weather-rain.png in Resources */,
				085A991A1D93AF9A00AF95B6 /* hz2.jpeg in Resources */,
				085A99201D93AF9A00AF95B6 /* hz8.jpeg in Resources */,
				085A99041D93ADB700AF95B6 /* hangzhou.jpeg in Resources */,
				086A3CBA1D76B42600624CD6 /* LaunchScreen.storyboard in Resources */,
				085A991F1D93AF9A00AF95B6 /* hz7.jpeg in Resources */,
				086A3D051D76B85D00624CD6 /* weather-few@2x.png in Resources */,
				08D9D5AB1D94BDF600EA83B7 /* icon.png in Resources */,
				086A3CFF1D76B85D00624CD6 /* weather-broken@2x.png in Resources */,
				085A99151D93AF9A00AF95B6 /* hz1.jpeg in Resources */,
				085A991C1D93AF9A00AF95B6 /* hz4.jpeg in Resources */,
				086A3D061D76B85D00624CD6 /* weather-mist.png in Resources */,
				085A99181D93AF9A00AF95B6 /* hz12.jpeg in Resources */,
				086A3D141D76B85D00624CD6 /* weather-tstorm.png in Resources */,
				086A3D151D76B85D00624CD6 /* weather-tstorm@2x.png in Resources */,
				086A3CB71D76B42600624CD6 /* Assets.xcassets in Resources */,
				086A3CFC1D76B85D00624CD6 /* bg.png in Resources */,
				085A99141D93AF9A00AF95B6 /* hz0.jpeg in Resources */,
				085A991E1D93AF9A00AF95B6 /* hz6.jpeg in Resources */,
				086A3D091D76B85D00624CD6 /* weather-moon@2x.png in Resources */,
				086A3D101D76B85D00624CD6 /* weather-shower.png in Resources */,
				086A3D121D76B85D00624CD6 /* weather-snow.png in Resources */,
				086A3D131D76B85D00624CD6 /* weather-snow@2x.png in Resources */,
				086A3CFE1D76B85D00624CD6 /* weather-broken.png in Resources */,
				085A99191D93AF9A00AF95B6 /* hz13.jpeg in Resources */,
				086A3D081D76B85D00624CD6 /* weather-moon.png in Resources */,
				086A3D031D76B85D00624CD6 /* weather-few-night@2x.png in Resources */,
				086A3D0F1D76B85D00624CD6 /* weather-scattered@2x.png in Resources */,
				086A3D021D76B85D00624CD6 /* weather-few-night.png in Resources */,
				086A3D011D76B85D00624CD6 /* weather-clear@2x.png in Resources */,
				085A991B1D93AF9A00AF95B6 /* hz3.jpeg in Resources */,
				085A99211D93AF9A00AF95B6 /* hz9.jpeg in Resources */,
				086A3D071D76B85D00624CD6 /* weather-mist@2x.png in Resources */,
				086A3CFD1D76B85D00624CD6 /* bg@2x.png in Resources */,
				085A99171D93AF9A00AF95B6 /* hz11.jpeg in Resources */,
				086A3D111D76B85D00624CD6 /* weather-shower@2x.png in Resources */,
				086A3D0E1D76B85D00624CD6 /* weather-scattered.png in Resources */,
				085A99161D93AF9A00AF95B6 /* hz10.jpeg in Resources */,
				086A3D0D1D76B85D00624CD6 /* weather-rain@2x.png in Resources */,
				086A3D0A1D76B85D00624CD6 /* weather-rain-night.png in Resources */,
				086A3D0B1D76B85D00624CD6 /* weather-rain-night@2x.png in Resources */,
			);
			runOnlyForDeploymentPostprocessing = 0;
		};
		086A3CBE1D76B42600624CD6 /* Resources */ = {
			isa = PBXResourcesBuildPhase;
			buildActionMask = 2147483647;
			files = (
			);
			runOnlyForDeploymentPostprocessing = 0;
		};
		086A3CC91D76B42600624CD6 /* Resources */ = {
			isa = PBXResourcesBuildPhase;
			buildActionMask = 2147483647;
			files = (
			);
			runOnlyForDeploymentPostprocessing = 0;
		};
/* End PBXResourcesBuildPhase section */

/* Begin PBXShellScriptBuildPhase section */
		9A94A451B456D0BE52013040 /* [CP] Embed Pods Frameworks */ = {
			isa = PBXShellScriptBuildPhase;
			buildActionMask = 2147483647;
			files = (
			);
			inputPaths = (
			);
			name = "[CP] Embed Pods Frameworks";
			outputPaths = (
			);
			runOnlyForDeploymentPostprocessing = 0;
			shellPath = /bin/sh;
			shellScript = "\"${SRCROOT}/Pods/Target Support Files/Pods-TggWeather/Pods-TggWeather-frameworks.sh\"\n";
			showEnvVarsInLog = 0;
		};
		9ADC2C2CC33DD1CC31611E86 /* [CP] Copy Pods Resources */ = {
			isa = PBXShellScriptBuildPhase;
			buildActionMask = 2147483647;
			files = (
			);
			inputPaths = (
			);
			name = "[CP] Copy Pods Resources";
			outputPaths = (
			);
			runOnlyForDeploymentPostprocessing = 0;
			shellPath = /bin/sh;
			shellScript = "\"${SRCROOT}/Pods/Target Support Files/Pods-TggWeather/Pods-TggWeather-resources.sh\"\n";
			showEnvVarsInLog = 0;
		};
		C2786D8E3F071263436FED4A /* [CP] Check Pods Manifest.lock */ = {
			isa = PBXShellScriptBuildPhase;
			buildActionMask = 2147483647;
			files = (
			);
			inputPaths = (
			);
			name = "[CP] Check Pods Manifest.lock";
			outputPaths = (
			);
			runOnlyForDeploymentPostprocessing = 0;
			shellPath = /bin/sh;
			shellScript = "diff \"${PODS_ROOT}/../Podfile.lock\" \"${PODS_ROOT}/Manifest.lock\" > /dev/null\nif [[ $? != 0 ]] ; then\n    cat << EOM\nerror: The sandbox is not in sync with the Podfile.lock. Run 'pod install' or update your CocoaPods installation.\nEOM\n    exit 1\nfi\n";
			showEnvVarsInLog = 0;
		};
/* End PBXShellScriptBuildPhase section */

/* Begin PBXSourcesBuildPhase section */
		086A3CA31D76B42500624CD6 /* Sources */ = {
			isa = PBXSourcesBuildPhase;
			buildActionMask = 2147483647;
			files = (
				08FC54741D83D84E009D4762 /* WXViewModelServicesImpl.m in Sources */,
				086A3CAF1D76B42600624CD6 /* AppDelegate.m in Sources */,
				08F59BB81D7C672A006DFF94 /* WXViewModel.m in Sources */,
				08D9D5A91D94BDD100EA83B7 /* WXDailyForecast.m in Sources */,
				086A3CAC1D76B42600624CD6 /* main.m in Sources */,
				08D9D5A31D94BDC300EA83B7 /* WXController.m in Sources */,
				08FC54801D83DCAA009D4762 /* WXWeahtherImpl.m in Sources */,
				08D9D5A81D94BDD100EA83B7 /* WXCondition.m in Sources */,
				08D9D59D1D93DE7000EA83B7 /* WXThemeManager.m in Sources */,
				08D9D5A01D94BA2900EA83B7 /* WXThemeModel.m in Sources */,
				08FC54901D83FBBD009D4762 /* WXLocationImpl.m in Sources */,
			);
			runOnlyForDeploymentPostprocessing = 0;
		};
		086A3CBC1D76B42600624CD6 /* Sources */ = {
			isa = PBXSourcesBuildPhase;
			buildActionMask = 2147483647;
			files = (
				086A3CC51D76B42600624CD6 /* TggWeatherTests.m in Sources */,
			);
			runOnlyForDeploymentPostprocessing = 0;
		};
		086A3CC71D76B42600624CD6 /* Sources */ = {
			isa = PBXSourcesBuildPhase;
			buildActionMask = 2147483647;
			files = (
				086A3CD01D76B42600624CD6 /* TggWeatherUITests.m in Sources */,
			);
			runOnlyForDeploymentPostprocessing = 0;
		};
/* End PBXSourcesBuildPhase section */

/* Begin PBXTargetDependency section */
		086A3CC21D76B42600624CD6 /* PBXTargetDependency */ = {
			isa = PBXTargetDependency;
			target = 086A3CA61D76B42500624CD6 /* TggWeather */;
			targetProxy = 086A3CC11D76B42600624CD6 /* PBXContainerItemProxy */;
		};
		086A3CCD1D76B42600624CD6 /* PBXTargetDependency */ = {
			isa = PBXTargetDependency;
			target = 086A3CA61D76B42500624CD6 /* TggWeather */;
			targetProxy = 086A3CCC1D76B42600624CD6 /* PBXContainerItemProxy */;
		};
/* End PBXTargetDependency section */

/* Begin PBXVariantGroup section */
		086A3CB81D76B42600624CD6 /* LaunchScreen.storyboard */ = {
			isa = PBXVariantGroup;
			children = (
				086A3CB91D76B42600624CD6 /* Base */,
			);
			name = LaunchScreen.storyboard;
			sourceTree = "<group>";
		};
/* End PBXVariantGroup section */

/* Begin XCBuildConfiguration section */
		086A3CD21D76B42600624CD6 /* Debug */ = {
			isa = XCBuildConfiguration;
			buildSettings = {
				ALWAYS_SEARCH_USER_PATHS = NO;
				CLANG_ANALYZER_NONNULL = YES;
				CLANG_CXX_LANGUAGE_STANDARD = "gnu++0x";
				CLANG_CXX_LIBRARY = "libc++";
				CLANG_ENABLE_MODULES = YES;
				CLANG_ENABLE_OBJC_ARC = YES;
				CLANG_WARN_BOOL_CONVERSION = YES;
				CLANG_WARN_CONSTANT_CONVERSION = YES;
				CLANG_WARN_DIRECT_OBJC_ISA_USAGE = YES_ERROR;
				CLANG_WARN_EMPTY_BODY = YES;
				CLANG_WARN_ENUM_CONVERSION = YES;
				CLANG_WARN_INT_CONVERSION = YES;
				CLANG_WARN_OBJC_ROOT_CLASS = YES_ERROR;
				CLANG_WARN_UNREACHABLE_CODE = YES;
				CLANG_WARN__DUPLICATE_METHOD_MATCH = YES;
				"CODE_SIGN_IDENTITY[sdk=iphoneos*]" = "iPhone Developer";
				COPY_PHASE_STRIP = NO;
				DEBUG_INFORMATION_FORMAT = dwarf;
				ENABLE_STRICT_OBJC_MSGSEND = YES;
				ENABLE_TESTABILITY = YES;
				GCC_C_LANGUAGE_STANDARD = gnu99;
				GCC_DYNAMIC_NO_PIC = NO;
				GCC_NO_COMMON_BLOCKS = YES;
				GCC_OPTIMIZATION_LEVEL = 0;
				GCC_PREPROCESSOR_DEFINITIONS = (
					"DEBUG=1",
					"$(inherited)",
				);
				GCC_WARN_64_TO_32_BIT_CONVERSION = YES;
				GCC_WARN_ABOUT_RETURN_TYPE = YES_ERROR;
				GCC_WARN_UNDECLARED_SELECTOR = YES;
				GCC_WARN_UNINITIALIZED_AUTOS = YES_AGGRESSIVE;
				GCC_WARN_UNUSED_FUNCTION = YES;
				GCC_WARN_UNUSED_VARIABLE = YES;
				IPHONEOS_DEPLOYMENT_TARGET = 9.3;
				MTL_ENABLE_DEBUG_INFO = YES;
				ONLY_ACTIVE_ARCH = YES;
				SDKROOT = iphoneos;
				TARGETED_DEVICE_FAMILY = "1,2";
			};
			name = Debug;
		};
		086A3CD31D76B42600624CD6 /* Release */ = {
			isa = XCBuildConfiguration;
			buildSettings = {
				ALWAYS_SEARCH_USER_PATHS = NO;
				CLANG_ANALYZER_NONNULL = YES;
				CLANG_CXX_LANGUAGE_STANDARD = "gnu++0x";
				CLANG_CXX_LIBRARY = "libc++";
				CLANG_ENABLE_MODULES = YES;
				CLANG_ENABLE_OBJC_ARC = YES;
				CLANG_WARN_BOOL_CONVERSION = YES;
				CLANG_WARN_CONSTANT_CONVERSION = YES;
				CLANG_WARN_DIRECT_OBJC_ISA_USAGE = YES_ERROR;
				CLANG_WARN_EMPTY_BODY = YES;
				CLANG_WARN_ENUM_CONVERSION = YES;
				CLANG_WARN_INT_CONVERSION = YES;
				CLANG_WARN_OBJC_ROOT_CLASS = YES_ERROR;
				CLANG_WARN_UNREACHABLE_CODE = YES;
				CLANG_WARN__DUPLICATE_METHOD_MATCH = YES;
				"CODE_SIGN_IDENTITY[sdk=iphoneos*]" = "iPhone Developer";
				COPY_PHASE_STRIP = NO;
				DEBUG_INFORMATION_FORMAT = "dwarf-with-dsym";
				ENABLE_NS_ASSERTIONS = NO;
				ENABLE_STRICT_OBJC_MSGSEND = YES;
				GCC_C_LANGUAGE_STANDARD = gnu99;
				GCC_NO_COMMON_BLOCKS = YES;
				GCC_WARN_64_TO_32_BIT_CONVERSION = YES;
				GCC_WARN_ABOUT_RETURN_TYPE = YES_ERROR;
				GCC_WARN_UNDECLARED_SELECTOR = YES;
				GCC_WARN_UNINITIALIZED_AUTOS = YES_AGGRESSIVE;
				GCC_WARN_UNUSED_FUNCTION = YES;
				GCC_WARN_UNUSED_VARIABLE = YES;
				IPHONEOS_DEPLOYMENT_TARGET = 9.3;
				MTL_ENABLE_DEBUG_INFO = NO;
				SDKROOT = iphoneos;
				TARGETED_DEVICE_FAMILY = "1,2";
				VALIDATE_PRODUCT = YES;
			};
			name = Release;
		};
		086A3CD51D76B42600624CD6 /* Debug */ = {
			isa = XCBuildConfiguration;
			baseConfigurationReference = 33CFE78130D370149E538FC3 /* Pods-TggWeather.debug.xcconfig */;
			buildSettings = {
				ASSETCATALOG_COMPILER_APPICON_NAME = AppIcon;
				DEVELOPMENT_TEAM = F7JN2J2BY4;
				GCC_PREFIX_HEADER = ./TggWeather/Config/PrefixHeader.pch;
				INFOPLIST_FILE = TggWeather/Info.plist;
				LD_RUNPATH_SEARCH_PATHS = "$(inherited) @executable_path/Frameworks";
				ON_DEMAND_RESOURCES_PREFETCH_ORDER = "";
				PRODUCT_BUNDLE_IDENTIFIER = com.tiequantech.TggWeather;
				PRODUCT_NAME = "$(TARGET_NAME)";
				USER_HEADER_SEARCH_PATHS = "${SRCROOT}/**";
			};
			name = Debug;
		};
		086A3CD61D76B42600624CD6 /* Release */ = {
			isa = XCBuildConfiguration;
			baseConfigurationReference = A2E50A90037F37C036D82FAE /* Pods-TggWeather.release.xcconfig */;
			buildSettings = {
				ASSETCATALOG_COMPILER_APPICON_NAME = AppIcon;
				DEVELOPMENT_TEAM = F7JN2J2BY4;
				GCC_PREFIX_HEADER = ./TggWeather/Config/PrefixHeader.pch;
				INFOPLIST_FILE = TggWeather/Info.plist;
				LD_RUNPATH_SEARCH_PATHS = "$(inherited) @executable_path/Frameworks";
				ON_DEMAND_RESOURCES_PREFETCH_ORDER = "";
				PRODUCT_BUNDLE_IDENTIFIER = com.tiequantech.TggWeather;
				PRODUCT_NAME = "$(TARGET_NAME)";
				USER_HEADER_SEARCH_PATHS = "${SRCROOT}/**";
			};
			name = Release;
		};
		086A3CD81D76B42600624CD6 /* Debug */ = {
			isa = XCBuildConfiguration;
			buildSettings = {
				BUNDLE_LOADER = "$(TEST_HOST)";
				INFOPLIST_FILE = TggWeatherTests/Info.plist;
				LD_RUNPATH_SEARCH_PATHS = "$(inherited) @executable_path/Frameworks @loader_path/Frameworks";
				PRODUCT_BUNDLE_IDENTIFIER = com.tiequantech.TggWeatherTests;
				PRODUCT_NAME = "$(TARGET_NAME)";
				TEST_HOST = "$(BUILT_PRODUCTS_DIR)/TggWeather.app/TggWeather";
			};
			name = Debug;
		};
		086A3CD91D76B42600624CD6 /* Release */ = {
			isa = XCBuildConfiguration;
			buildSettings = {
				BUNDLE_LOADER = "$(TEST_HOST)";
				INFOPLIST_FILE = TggWeatherTests/Info.plist;
				LD_RUNPATH_SEARCH_PATHS = "$(inherited) @executable_path/Frameworks @loader_path/Frameworks";
				PRODUCT_BUNDLE_IDENTIFIER = com.tiequantech.TggWeatherTests;
				PRODUCT_NAME = "$(TARGET_NAME)";
				TEST_HOST = "$(BUILT_PRODUCTS_DIR)/TggWeather.app/TggWeather";
			};
			name = Release;
		};
		086A3CDB1D76B42600624CD6 /* Debug */ = {
			isa = XCBuildConfiguration;
			buildSettings = {
				INFOPLIST_FILE = TggWeatherUITests/Info.plist;
				LD_RUNPATH_SEARCH_PATHS = "$(inherited) @executable_path/Frameworks @loader_path/Frameworks";
				PRODUCT_BUNDLE_IDENTIFIER = com.tiequantech.TggWeatherUITests;
				PRODUCT_NAME = "$(TARGET_NAME)";
				TEST_TARGET_NAME = TggWeather;
			};
			name = Debug;
		};
		086A3CDC1D76B42600624CD6 /* Release */ = {
			isa = XCBuildConfiguration;
			buildSettings = {
				INFOPLIST_FILE = TggWeatherUITests/Info.plist;
				LD_RUNPATH_SEARCH_PATHS = "$(inherited) @executable_path/Frameworks @loader_path/Frameworks";
				PRODUCT_BUNDLE_IDENTIFIER = com.tiequantech.TggWeatherUITests;
				PRODUCT_NAME = "$(TARGET_NAME)";
				TEST_TARGET_NAME = TggWeather;
			};
			name = Release;
		};
/* End XCBuildConfiguration section */

/* Begin XCConfigurationList section */
		086A3CA21D76B42500624CD6 /* Build configuration list for PBXProject "TggWeather" */ = {
			isa = XCConfigurationList;
			buildConfigurations = (
				086A3CD21D76B42600624CD6 /* Debug */,
				086A3CD31D76B42600624CD6 /* Release */,
			);
			defaultConfigurationIsVisible = 0;
			defaultConfigurationName = Release;
		};
		086A3CD41D76B42600624CD6 /* Build configuration list for PBXNativeTarget "TggWeather" */ = {
			isa = XCConfigurationList;
			buildConfigurations = (
				086A3CD51D76B42600624CD6 /* Debug */,
				086A3CD61D76B42600624CD6 /* Release */,
			);
			defaultConfigurationIsVisible = 0;
			defaultConfigurationName = Release;
		};
		086A3CD71D76B42600624CD6 /* Build configuration list for PBXNativeTarget "TggWeatherTests" */ = {
			isa = XCConfigurationList;
			buildConfigurations = (
				086A3CD81D76B42600624CD6 /* Debug */,
				086A3CD91D76B42600624CD6 /* Release */,
			);
			defaultConfigurationIsVisible = 0;
			defaultConfigurationName = Release;
		};
		086A3CDA1D76B42600624CD6 /* Build configuration list for PBXNativeTarget "TggWeatherUITests" */ = {
			isa = XCConfigurationList;
			buildConfigurations = (
				086A3CDB1D76B42600624CD6 /* Debug */,
				086A3CDC1D76B42600624CD6 /* Release */,
			);
			defaultConfigurationIsVisible = 0;
			defaultConfigurationName = Release;
		};
/* End XCConfigurationList section */
	};
	rootObject = 086A3C9F1D76B42500624CD6 /* Project object */;
}
